// !$*UTF8*$!
{
	archiveVersion = 1;
	classes = {
	};
	objectVersion = 56;
	objects = {

/* Begin PBXBuildFile section */
		E9DC2CDA2ADF3CEF009128D6 /* DartsGameApp.swift in Sources */ = {isa = PBXBuildFile; fileRef = E9DC2CD92ADF3CEF009128D6 /* DartsGameApp.swift */; };
		E9DC2CDC2ADF3CEF009128D6 /* MenuView.swift in Sources */ = {isa = PBXBuildFile; fileRef = E9DC2CDB2ADF3CEF009128D6 /* MenuView.swift */; };
		E9DC2CDE2ADF3CF1009128D6 /* Assets.xcassets in Resources */ = {isa = PBXBuildFile; fileRef = E9DC2CDD2ADF3CF1009128D6 /* Assets.xcassets */; };
		E9DC2CE12ADF3CF1009128D6 /* Preview Assets.xcassets in Resources */ = {isa = PBXBuildFile; fileRef = E9DC2CE02ADF3CF1009128D6 /* Preview Assets.xcassets */; };
		E9DC2CE92ADF3DE5009128D6 /* explosion.scnp in Resources */ = {isa = PBXBuildFile; fileRef = E9DC2CE82ADF3DE5009128D6 /* explosion.scnp */; };
		E9DC2CF12ADF3F38009128D6 /* DartRow.swift in Sources */ = {isa = PBXBuildFile; fileRef = E9DC2CF02ADF3F38009128D6 /* DartRow.swift */; };
		E9DC2CF32ADF3F49009128D6 /* MatchesRow.swift in Sources */ = {isa = PBXBuildFile; fileRef = E9DC2CF22ADF3F49009128D6 /* MatchesRow.swift */; };
		E9DC2CF62ADF3F6C009128D6 /* Color.swift in Sources */ = {isa = PBXBuildFile; fileRef = E9DC2CF52ADF3F6C009128D6 /* Color.swift */; };
		E9DC2CF92ADF3F8B009128D6 /* MyMatch.swift in Sources */ = {isa = PBXBuildFile; fileRef = E9DC2CF82ADF3F8B009128D6 /* MyMatch.swift */; };
		E9DC2CFC2ADF3FAD009128D6 /* PrimaryButton.swift in Sources */ = {isa = PBXBuildFile; fileRef = E9DC2CFB2ADF3FAD009128D6 /* PrimaryButton.swift */; };
		E9DC2CFE2ADF3FBA009128D6 /* SecondaryButton.swift in Sources */ = {isa = PBXBuildFile; fileRef = E9DC2CFD2ADF3FBA009128D6 /* SecondaryButton.swift */; };
		E9DC2D002ADF4023009128D6 /* PauseView.swift in Sources */ = {isa = PBXBuildFile; fileRef = E9DC2CFF2ADF4023009128D6 /* PauseView.swift */; };
		E9DC2D032ADF4051009128D6 /* ARManager.swift in Sources */ = {isa = PBXBuildFile; fileRef = E9DC2D022ADF4051009128D6 /* ARManager.swift */; };
		E9DC2D052ADF4065009128D6 /* NavigationRouter.swift in Sources */ = {isa = PBXBuildFile; fileRef = E9DC2D042ADF4065009128D6 /* NavigationRouter.swift */; };
		E9DC2D072ADF407C009128D6 /* ARAction.swift in Sources */ = {isa = PBXBuildFile; fileRef = E9DC2D062ADF407C009128D6 /* ARAction.swift */; };
		E9DC2D092ADF4089009128D6 /* Route.swift in Sources */ = {isa = PBXBuildFile; fileRef = E9DC2D082ADF4089009128D6 /* Route.swift */; };
		E9DC2D0B2ADF409C009128D6 /* SoundEffects.swift in Sources */ = {isa = PBXBuildFile; fileRef = E9DC2D0A2ADF409C009128D6 /* SoundEffects.swift */; };
		E9DC2D0D2ADF40B2009128D6 /* Bitmask.swift in Sources */ = {isa = PBXBuildFile; fileRef = E9DC2D0C2ADF40B2009128D6 /* Bitmask.swift */; };
		E9DC2D0F2ADF40E2009128D6 /* GameView.swift in Sources */ = {isa = PBXBuildFile; fileRef = E9DC2D0E2ADF40E2009128D6 /* GameView.swift */; };
		E9DC2D122ADF4103009128D6 /* GameViewModel.swift in Sources */ = {isa = PBXBuildFile; fileRef = E9DC2D112ADF4103009128D6 /* GameViewModel.swift */; };
		E9DC2D142ADF4128009128D6 /* EndMatchView.swift in Sources */ = {isa = PBXBuildFile; fileRef = E9DC2D132ADF4128009128D6 /* EndMatchView.swift */; };
		E9DC2D162ADF4137009128D6 /* DetailView.swift in Sources */ = {isa = PBXBuildFile; fileRef = E9DC2D152ADF4137009128D6 /* DetailView.swift */; };
		E9DC2D182ADF4146009128D6 /* PreviousMatchesView.swift in Sources */ = {isa = PBXBuildFile; fileRef = E9DC2D172ADF4146009128D6 /* PreviousMatchesView.swift */; };
		E9DC2D1C2ADF418C009128D6 /* DartBoard.swift in Sources */ = {isa = PBXBuildFile; fileRef = E9DC2D1B2ADF418C009128D6 /* DartBoard.swift */; };
		E9DC2D1E2ADF4199009128D6 /* Dart.swift in Sources */ = {isa = PBXBuildFile; fileRef = E9DC2D1D2ADF4199009128D6 /* Dart.swift */; };
		E9DC2D212ADF41C9009128D6 /* ARViewContainer.swift in Sources */ = {isa = PBXBuildFile; fileRef = E9DC2D202ADF41C9009128D6 /* ARViewContainer.swift */; };
		E9DC2D232ADF41E7009128D6 /* GameViewController.swift in Sources */ = {isa = PBXBuildFile; fileRef = E9DC2D222ADF41E7009128D6 /* GameViewController.swift */; };
		E9DC2D252ADF42FC009128D6 /* spark.png in Resources */ = {isa = PBXBuildFile; fileRef = E9DC2D242ADF42FC009128D6 /* spark.png */; };
		E9DC2D272ADF435E009128D6 /* GameViewController+Logic.swift in Sources */ = {isa = PBXBuildFile; fileRef = E9DC2D262ADF435E009128D6 /* GameViewController+Logic.swift */; };
		E9DC2D292ADF44D4009128D6 /* GameViewController+Collisions.swift in Sources */ = {isa = PBXBuildFile; fileRef = E9DC2D282ADF44D4009128D6 /* GameViewController+Collisions.swift */; };
		E9DC2D2C2ADF5010009128D6 /* GameLogicDelegate.swift in Sources */ = {isa = PBXBuildFile; fileRef = E9DC2D2B2ADF5010009128D6 /* GameLogicDelegate.swift */; };
/* End PBXBuildFile section */

/* Begin PBXFileReference section */
		E9DC2CD62ADF3CEF009128D6 /* DartsGame.app */ = {isa = PBXFileReference; explicitFileType = wrapper.application; includeInIndex = 0; path = DartsGame.app; sourceTree = BUILT_PRODUCTS_DIR; };
		E9DC2CD92ADF3CEF009128D6 /* DartsGameApp.swift */ = {isa = PBXFileReference; lastKnownFileType = sourcecode.swift; path = DartsGameApp.swift; sourceTree = "<group>"; };
		E9DC2CDB2ADF3CEF009128D6 /* MenuView.swift */ = {isa = PBXFileReference; lastKnownFileType = sourcecode.swift; path = MenuView.swift; sourceTree = "<group>"; };
		E9DC2CDD2ADF3CF1009128D6 /* Assets.xcassets */ = {isa = PBXFileReference; lastKnownFileType = folder.assetcatalog; path = Assets.xcassets; sourceTree = "<group>"; };
		E9DC2CE02ADF3CF1009128D6 /* Preview Assets.xcassets */ = {isa = PBXFileReference; lastKnownFileType = folder.assetcatalog; path = "Preview Assets.xcassets"; sourceTree = "<group>"; };
		E9DC2CE82ADF3DE5009128D6 /* explosion.scnp */ = {isa = PBXFileReference; lastKnownFileType = file.scp; path = explosion.scnp; sourceTree = "<group>"; };
		E9DC2CEA2ADF3DF0009128D6 /* Futura-Bold.ttf */ = {isa = PBXFileReference; lastKnownFileType = file; path = "Futura-Bold.ttf"; sourceTree = "<group>"; };
		E9DC2CEB2ADF3DF0009128D6 /* Futura-Medium.ttf */ = {isa = PBXFileReference; lastKnownFileType = file; path = "Futura-Medium.ttf"; sourceTree = "<group>"; };
		E9DC2CEC2ADF3E65009128D6 /* Info.plist */ = {isa = PBXFileReference; lastKnownFileType = text.plist; path = Info.plist; sourceTree = "<group>"; };
		E9DC2CF02ADF3F38009128D6 /* DartRow.swift */ = {isa = PBXFileReference; lastKnownFileType = sourcecode.swift; path = DartRow.swift; sourceTree = "<group>"; };
		E9DC2CF22ADF3F49009128D6 /* MatchesRow.swift */ = {isa = PBXFileReference; lastKnownFileType = sourcecode.swift; path = MatchesRow.swift; sourceTree = "<group>"; };
		E9DC2CF52ADF3F6C009128D6 /* Color.swift */ = {isa = PBXFileReference; lastKnownFileType = sourcecode.swift; path = Color.swift; sourceTree = "<group>"; };
		E9DC2CF82ADF3F8B009128D6 /* MyMatch.swift */ = {isa = PBXFileReference; lastKnownFileType = sourcecode.swift; path = MyMatch.swift; sourceTree = "<group>"; };
		E9DC2CFB2ADF3FAD009128D6 /* PrimaryButton.swift */ = {isa = PBXFileReference; lastKnownFileType = sourcecode.swift; path = PrimaryButton.swift; sourceTree = "<group>"; };
		E9DC2CFD2ADF3FBA009128D6 /* SecondaryButton.swift */ = {isa = PBXFileReference; lastKnownFileType = sourcecode.swift; path = SecondaryButton.swift; sourceTree = "<group>"; };
		E9DC2CFF2ADF4023009128D6 /* PauseView.swift */ = {isa = PBXFileReference; lastKnownFileType = sourcecode.swift; path = PauseView.swift; sourceTree = "<group>"; };
		E9DC2D022ADF4051009128D6 /* ARManager.swift */ = {isa = PBXFileReference; lastKnownFileType = sourcecode.swift; path = ARManager.swift; sourceTree = "<group>"; };
		E9DC2D042ADF4065009128D6 /* NavigationRouter.swift */ = {isa = PBXFileReference; lastKnownFileType = sourcecode.swift; path = NavigationRouter.swift; sourceTree = "<group>"; };
		E9DC2D062ADF407C009128D6 /* ARAction.swift */ = {isa = PBXFileReference; lastKnownFileType = sourcecode.swift; path = ARAction.swift; sourceTree = "<group>"; };
		E9DC2D082ADF4089009128D6 /* Route.swift */ = {isa = PBXFileReference; lastKnownFileType = sourcecode.swift; path = Route.swift; sourceTree = "<group>"; };
		E9DC2D0A2ADF409C009128D6 /* SoundEffects.swift */ = {isa = PBXFileReference; lastKnownFileType = sourcecode.swift; path = SoundEffects.swift; sourceTree = "<group>"; };
		E9DC2D0C2ADF40B2009128D6 /* Bitmask.swift */ = {isa = PBXFileReference; lastKnownFileType = sourcecode.swift; path = Bitmask.swift; sourceTree = "<group>"; };
		E9DC2D0E2ADF40E2009128D6 /* GameView.swift */ = {isa = PBXFileReference; lastKnownFileType = sourcecode.swift; path = GameView.swift; sourceTree = "<group>"; };
		E9DC2D112ADF4103009128D6 /* GameViewModel.swift */ = {isa = PBXFileReference; lastKnownFileType = sourcecode.swift; path = GameViewModel.swift; sourceTree = "<group>"; };
		E9DC2D132ADF4128009128D6 /* EndMatchView.swift */ = {isa = PBXFileReference; lastKnownFileType = sourcecode.swift; path = EndMatchView.swift; sourceTree = "<group>"; };
		E9DC2D152ADF4137009128D6 /* DetailView.swift */ = {isa = PBXFileReference; lastKnownFileType = sourcecode.swift; path = DetailView.swift; sourceTree = "<group>"; };
		E9DC2D172ADF4146009128D6 /* PreviousMatchesView.swift */ = {isa = PBXFileReference; lastKnownFileType = sourcecode.swift; path = PreviousMatchesView.swift; sourceTree = "<group>"; };
		E9DC2D1B2ADF418C009128D6 /* DartBoard.swift */ = {isa = PBXFileReference; lastKnownFileType = sourcecode.swift; path = DartBoard.swift; sourceTree = "<group>"; };
		E9DC2D1D2ADF4199009128D6 /* Dart.swift */ = {isa = PBXFileReference; lastKnownFileType = sourcecode.swift; path = Dart.swift; sourceTree = "<group>"; };
		E9DC2D202ADF41C9009128D6 /* ARViewContainer.swift */ = {isa = PBXFileReference; lastKnownFileType = sourcecode.swift; path = ARViewContainer.swift; sourceTree = "<group>"; };
		E9DC2D222ADF41E7009128D6 /* GameViewController.swift */ = {isa = PBXFileReference; lastKnownFileType = sourcecode.swift; path = GameViewController.swift; sourceTree = "<group>"; };
		E9DC2D242ADF42FC009128D6 /* spark.png */ = {isa = PBXFileReference; lastKnownFileType = image.png; path = spark.png; sourceTree = "<group>"; };
		E9DC2D262ADF435E009128D6 /* GameViewController+Logic.swift */ = {isa = PBXFileReference; lastKnownFileType = sourcecode.swift; path = "GameViewController+Logic.swift"; sourceTree = "<group>"; };
		E9DC2D282ADF44D4009128D6 /* GameViewController+Collisions.swift */ = {isa = PBXFileReference; lastKnownFileType = sourcecode.swift; path = "GameViewController+Collisions.swift"; sourceTree = "<group>"; };
		E9DC2D2B2ADF5010009128D6 /* GameLogicDelegate.swift */ = {isa = PBXFileReference; lastKnownFileType = sourcecode.swift; path = GameLogicDelegate.swift; sourceTree = "<group>"; };
/* End PBXFileReference section */

/* Begin PBXFrameworksBuildPhase section */
		E9DC2CD32ADF3CEF009128D6 /* Frameworks */ = {
			isa = PBXFrameworksBuildPhase;
			buildActionMask = 2147483647;
			files = (
			);
			runOnlyForDeploymentPostprocessing = 0;
		};
/* End PBXFrameworksBuildPhase section */

/* Begin PBXGroup section */
		E9DC2CCD2ADF3CEF009128D6 = {
			isa = PBXGroup;
			children = (
				E9DC2CD82ADF3CEF009128D6 /* DartsGame */,
				E9DC2CD72ADF3CEF009128D6 /* Products */,
			);
			sourceTree = "<group>";
		};
		E9DC2CD72ADF3CEF009128D6 /* Products */ = {
			isa = PBXGroup;
			children = (
				E9DC2CD62ADF3CEF009128D6 /* DartsGame.app */,
			);
			name = Products;
			sourceTree = "<group>";
		};
		E9DC2CD82ADF3CEF009128D6 /* DartsGame */ = {
			isa = PBXGroup;
			children = (
				E9DC2CD92ADF3CEF009128D6 /* DartsGameApp.swift */,
				E9DC2D012ADF4040009128D6 /* Managers */,
				E9DC2CF72ADF3F83009128D6 /* Models */,
				E9DC2D1F2ADF41AD009128D6 /* ARViews */,
				E9DC2CED2ADF3F01009128D6 /* Views */,
				E9DC2D102ADF40F0009128D6 /* ViewModels */,
				E9DC2CF42ADF3F5E009128D6 /* Extensions */,
				E9DC2CE72ADF3DCC009128D6 /* Resources */,
				E9DC2CDD2ADF3CF1009128D6 /* Assets.xcassets */,
				E9DC2CEC2ADF3E65009128D6 /* Info.plist */,
				E9DC2CDF2ADF3CF1009128D6 /* Preview Content */,
			);
			path = DartsGame;
			sourceTree = "<group>";
		};
		E9DC2CDF2ADF3CF1009128D6 /* Preview Content */ = {
			isa = PBXGroup;
			children = (
				E9DC2CE02ADF3CF1009128D6 /* Preview Assets.xcassets */,
			);
			path = "Preview Content";
			sourceTree = "<group>";
		};
		E9DC2CE72ADF3DCC009128D6 /* Resources */ = {
			isa = PBXGroup;
			children = (
				E9DC2D242ADF42FC009128D6 /* spark.png */,
				E9DC2CEA2ADF3DF0009128D6 /* Futura-Bold.ttf */,
				E9DC2CEB2ADF3DF0009128D6 /* Futura-Medium.ttf */,
				E9DC2CE82ADF3DE5009128D6 /* explosion.scnp */,
			);
			path = Resources;
			sourceTree = "<group>";
		};
		E9DC2CED2ADF3F01009128D6 /* Views */ = {
			isa = PBXGroup;
			children = (
				E9DC2CEE2ADF3F18009128D6 /* Components */,
				E9DC2CDB2ADF3CEF009128D6 /* MenuView.swift */,
				E9DC2CFF2ADF4023009128D6 /* PauseView.swift */,
				E9DC2D0E2ADF40E2009128D6 /* GameView.swift */,
				E9DC2D132ADF4128009128D6 /* EndMatchView.swift */,
				E9DC2D152ADF4137009128D6 /* DetailView.swift */,
				E9DC2D172ADF4146009128D6 /* PreviousMatchesView.swift */,
			);
			path = Views;
			sourceTree = "<group>";
		};
		E9DC2CEE2ADF3F18009128D6 /* Components */ = {
			isa = PBXGroup;
			children = (
				E9DC2CFA2ADF3F9C009128D6 /* Buttons */,
				E9DC2CEF2ADF3F28009128D6 /* Rows */,
			);
			path = Components;
			sourceTree = "<group>";
		};
		E9DC2CEF2ADF3F28009128D6 /* Rows */ = {
			isa = PBXGroup;
			children = (
				E9DC2CF02ADF3F38009128D6 /* DartRow.swift */,
				E9DC2CF22ADF3F49009128D6 /* MatchesRow.swift */,
			);
			path = Rows;
			sourceTree = "<group>";
		};
		E9DC2CF42ADF3F5E009128D6 /* Extensions */ = {
			isa = PBXGroup;
			children = (
				E9DC2CF52ADF3F6C009128D6 /* Color.swift */,
			);
			path = Extensions;
			sourceTree = "<group>";
		};
		E9DC2CF72ADF3F83009128D6 /* Models */ = {
			isa = PBXGroup;
			children = (
				E9DC2CF82ADF3F8B009128D6 /* MyMatch.swift */,
				E9DC2D0C2ADF40B2009128D6 /* Bitmask.swift */,
				E9DC2D1A2ADF4174009128D6 /* Entities */,
				E9DC2D2A2ADF5000009128D6 /* Protocols */,
				E9DC2D192ADF4160009128D6 /* Enums */,
			);
			path = Models;
			sourceTree = "<group>";
		};
		E9DC2CFA2ADF3F9C009128D6 /* Buttons */ = {
			isa = PBXGroup;
			children = (
				E9DC2CFB2ADF3FAD009128D6 /* PrimaryButton.swift */,
				E9DC2CFD2ADF3FBA009128D6 /* SecondaryButton.swift */,
			);
			path = Buttons;
			sourceTree = "<group>";
		};
		E9DC2D012ADF4040009128D6 /* Managers */ = {
			isa = PBXGroup;
			children = (
				E9DC2D022ADF4051009128D6 /* ARManager.swift */,
				E9DC2D042ADF4065009128D6 /* NavigationRouter.swift */,
			);
			path = Managers;
			sourceTree = "<group>";
		};
		E9DC2D102ADF40F0009128D6 /* ViewModels */ = {
			isa = PBXGroup;
			children = (
				E9DC2D112ADF4103009128D6 /* GameViewModel.swift */,
			);
			path = ViewModels;
			sourceTree = "<group>";
		};
		E9DC2D192ADF4160009128D6 /* Enums */ = {
			isa = PBXGroup;
			children = (
				E9DC2D062ADF407C009128D6 /* ARAction.swift */,
				E9DC2D0A2ADF409C009128D6 /* SoundEffects.swift */,
				E9DC2D082ADF4089009128D6 /* Route.swift */,
			);
			path = Enums;
			sourceTree = "<group>";
		};
		E9DC2D1A2ADF4174009128D6 /* Entities */ = {
			isa = PBXGroup;
			children = (
				E9DC2D1B2ADF418C009128D6 /* DartBoard.swift */,
				E9DC2D1D2ADF4199009128D6 /* Dart.swift */,
			);
			path = Entities;
			sourceTree = "<group>";
		};
		E9DC2D1F2ADF41AD009128D6 /* ARViews */ = {
			isa = PBXGroup;
			children = (
				E9DC2D202ADF41C9009128D6 /* ARViewContainer.swift */,
				E9DC2D222ADF41E7009128D6 /* GameViewController.swift */,
				E9DC2D262ADF435E009128D6 /* GameViewController+Logic.swift */,
				E9DC2D282ADF44D4009128D6 /* GameViewController+Collisions.swift */,
			);
			path = ARViews;
			sourceTree = "<group>";
		};
		E9DC2D2A2ADF5000009128D6 /* Protocols */ = {
			isa = PBXGroup;
			children = (
				E9DC2D2B2ADF5010009128D6 /* GameLogicDelegate.swift */,
			);
			path = Protocols;
			sourceTree = "<group>";
		};
/* End PBXGroup section */

/* Begin PBXNativeTarget section */
		E9DC2CD52ADF3CEF009128D6 /* DartsGame */ = {
			isa = PBXNativeTarget;
			buildConfigurationList = E9DC2CE42ADF3CF1009128D6 /* Build configuration list for PBXNativeTarget "DartsGame" */;
			buildPhases = (
				E9DC2CD22ADF3CEF009128D6 /* Sources */,
				E9DC2CD32ADF3CEF009128D6 /* Frameworks */,
				E9DC2CD42ADF3CEF009128D6 /* Resources */,
			);
			buildRules = (
			);
			dependencies = (
			);
			name = DartsGame;
			productName = DartsGame;
			productReference = E9DC2CD62ADF3CEF009128D6 /* DartsGame.app */;
			productType = "com.apple.product-type.application";
		};
/* End PBXNativeTarget section */

/* Begin PBXProject section */
		E9DC2CCE2ADF3CEF009128D6 /* Project object */ = {
			isa = PBXProject;
			attributes = {
				BuildIndependentTargetsInParallel = 1;
				LastSwiftUpdateCheck = 1430;
				LastUpgradeCheck = 1430;
				TargetAttributes = {
					E9DC2CD52ADF3CEF009128D6 = {
						CreatedOnToolsVersion = 14.3;
					};
				};
			};
			buildConfigurationList = E9DC2CD12ADF3CEF009128D6 /* Build configuration list for PBXProject "DartsGame" */;
			compatibilityVersion = "Xcode 14.0";
			developmentRegion = en;
			hasScannedForEncodings = 0;
			knownRegions = (
				en,
				Base,
			);
			mainGroup = E9DC2CCD2ADF3CEF009128D6;
			productRefGroup = E9DC2CD72ADF3CEF009128D6 /* Products */;
			projectDirPath = "";
			projectRoot = "";
			targets = (
				E9DC2CD52ADF3CEF009128D6 /* DartsGame */,
			);
		};
/* End PBXProject section */

/* Begin PBXResourcesBuildPhase section */
		E9DC2CD42ADF3CEF009128D6 /* Resources */ = {
			isa = PBXResourcesBuildPhase;
			buildActionMask = 2147483647;
			files = (
				E9DC2CE92ADF3DE5009128D6 /* explosion.scnp in Resources */,
				E9DC2D252ADF42FC009128D6 /* spark.png in Resources */,
				E9DC2CE12ADF3CF1009128D6 /* Preview Assets.xcassets in Resources */,
				E9DC2CDE2ADF3CF1009128D6 /* Assets.xcassets in Resources */,
			);
			runOnlyForDeploymentPostprocessing = 0;
		};
/* End PBXResourcesBuildPhase section */

/* Begin PBXSourcesBuildPhase section */
		E9DC2CD22ADF3CEF009128D6 /* Sources */ = {
			isa = PBXSourcesBuildPhase;
			buildActionMask = 2147483647;
			files = (
				E9DC2D142ADF4128009128D6 /* EndMatchView.swift in Sources */,
				E9DC2CF32ADF3F49009128D6 /* MatchesRow.swift in Sources */,
				E9DC2CF12ADF3F38009128D6 /* DartRow.swift in Sources */,
				E9DC2D072ADF407C009128D6 /* ARAction.swift in Sources */,
				E9DC2D232ADF41E7009128D6 /* GameViewController.swift in Sources */,
				E9DC2D1E2ADF4199009128D6 /* Dart.swift in Sources */,
				E9DC2CDC2ADF3CEF009128D6 /* MenuView.swift in Sources */,
				E9DC2D092ADF4089009128D6 /* Route.swift in Sources */,
				E9DC2CF62ADF3F6C009128D6 /* Color.swift in Sources */,
				E9DC2D0D2ADF40B2009128D6 /* Bitmask.swift in Sources */,
				E9DC2D122ADF4103009128D6 /* GameViewModel.swift in Sources */,
				E9DC2D032ADF4051009128D6 /* ARManager.swift in Sources */,
				E9DC2D052ADF4065009128D6 /* NavigationRouter.swift in Sources */,
				E9DC2D292ADF44D4009128D6 /* GameViewController+Collisions.swift in Sources */,
				E9DC2CFE2ADF3FBA009128D6 /* SecondaryButton.swift in Sources */,
				E9DC2CFC2ADF3FAD009128D6 /* PrimaryButton.swift in Sources */,
				E9DC2D0B2ADF409C009128D6 /* SoundEffects.swift in Sources */,
				E9DC2D1C2ADF418C009128D6 /* DartBoard.swift in Sources */,
				E9DC2D002ADF4023009128D6 /* PauseView.swift in Sources */,
				E9DC2CDA2ADF3CEF009128D6 /* DartsGameApp.swift in Sources */,
				E9DC2D2C2ADF5010009128D6 /* GameLogicDelegate.swift in Sources */,
				E9DC2D162ADF4137009128D6 /* DetailView.swift in Sources */,
				E9DC2D212ADF41C9009128D6 /* ARViewContainer.swift in Sources */,
				E9DC2D182ADF4146009128D6 /* PreviousMatchesView.swift in Sources */,
				E9DC2D0F2ADF40E2009128D6 /* GameView.swift in Sources */,
				E9DC2CF92ADF3F8B009128D6 /* MyMatch.swift in Sources */,
				E9DC2D272ADF435E009128D6 /* GameViewController+Logic.swift in Sources */,
			);
			runOnlyForDeploymentPostprocessing = 0;
		};
/* End PBXSourcesBuildPhase section */

/* Begin XCBuildConfiguration section */
		E9DC2CE22ADF3CF1009128D6 /* Debug */ = {
			isa = XCBuildConfiguration;
			buildSettings = {
				ALWAYS_SEARCH_USER_PATHS = NO;
				CLANG_ANALYZER_NONNULL = YES;
				CLANG_ANALYZER_NUMBER_OBJECT_CONVERSION = YES_AGGRESSIVE;
				CLANG_CXX_LANGUAGE_STANDARD = "gnu++20";
				CLANG_ENABLE_MODULES = YES;
				CLANG_ENABLE_OBJC_ARC = YES;
				CLANG_ENABLE_OBJC_WEAK = YES;
				CLANG_WARN_BLOCK_CAPTURE_AUTORELEASING = YES;
				CLANG_WARN_BOOL_CONVERSION = YES;
				CLANG_WARN_COMMA = YES;
				CLANG_WARN_CONSTANT_CONVERSION = YES;
				CLANG_WARN_DEPRECATED_OBJC_IMPLEMENTATIONS = YES;
				CLANG_WARN_DIRECT_OBJC_ISA_USAGE = YES_ERROR;
				CLANG_WARN_DOCUMENTATION_COMMENTS = YES;
				CLANG_WARN_EMPTY_BODY = YES;
				CLANG_WARN_ENUM_CONVERSION = YES;
				CLANG_WARN_INFINITE_RECURSION = YES;
				CLANG_WARN_INT_CONVERSION = YES;
				CLANG_WARN_NON_LITERAL_NULL_CONVERSION = YES;
				CLANG_WARN_OBJC_IMPLICIT_RETAIN_SELF = YES;
				CLANG_WARN_OBJC_LITERAL_CONVERSION = YES;
				CLANG_WARN_OBJC_ROOT_CLASS = YES_ERROR;
				CLANG_WARN_QUOTED_INCLUDE_IN_FRAMEWORK_HEADER = YES;
				CLANG_WARN_RANGE_LOOP_ANALYSIS = YES;
				CLANG_WARN_STRICT_PROTOTYPES = YES;
				CLANG_WARN_SUSPICIOUS_MOVE = YES;
				CLANG_WARN_UNGUARDED_AVAILABILITY = YES_AGGRESSIVE;
				CLANG_WARN_UNREACHABLE_CODE = YES;
				CLANG_WARN__DUPLICATE_METHOD_MATCH = YES;
				COPY_PHASE_STRIP = NO;
				DEBUG_INFORMATION_FORMAT = dwarf;
				ENABLE_STRICT_OBJC_MSGSEND = YES;
				ENABLE_TESTABILITY = YES;
				GCC_C_LANGUAGE_STANDARD = gnu11;
				GCC_DYNAMIC_NO_PIC = NO;
				GCC_NO_COMMON_BLOCKS = YES;
				GCC_OPTIMIZATION_LEVEL = 0;
				GCC_PREPROCESSOR_DEFINITIONS = (
					"DEBUG=1",
					"$(inherited)",
				);
				GCC_WARN_64_TO_32_BIT_CONVERSION = YES;
				GCC_WARN_ABOUT_RETURN_TYPE = YES_ERROR;
				GCC_WARN_UNDECLARED_SELECTOR = YES;
				GCC_WARN_UNINITIALIZED_AUTOS = YES_AGGRESSIVE;
				GCC_WARN_UNUSED_FUNCTION = YES;
				GCC_WARN_UNUSED_VARIABLE = YES;
				IPHONEOS_DEPLOYMENT_TARGET = 16.4;
				MTL_ENABLE_DEBUG_INFO = INCLUDE_SOURCE;
				MTL_FAST_MATH = YES;
				ONLY_ACTIVE_ARCH = YES;
				SDKROOT = iphoneos;
				SWIFT_ACTIVE_COMPILATION_CONDITIONS = DEBUG;
				SWIFT_OPTIMIZATION_LEVEL = "-Onone";
			};
			name = Debug;
		};
		E9DC2CE32ADF3CF1009128D6 /* Release */ = {
			isa = XCBuildConfiguration;
			buildSettings = {
				ALWAYS_SEARCH_USER_PATHS = NO;
				CLANG_ANALYZER_NONNULL = YES;
				CLANG_ANALYZER_NUMBER_OBJECT_CONVERSION = YES_AGGRESSIVE;
				CLANG_CXX_LANGUAGE_STANDARD = "gnu++20";
				CLANG_ENABLE_MODULES = YES;
				CLANG_ENABLE_OBJC_ARC = YES;
				CLANG_ENABLE_OBJC_WEAK = YES;
				CLANG_WARN_BLOCK_CAPTURE_AUTORELEASING = YES;
				CLANG_WARN_BOOL_CONVERSION = YES;
				CLANG_WARN_COMMA = YES;
				CLANG_WARN_CONSTANT_CONVERSION = YES;
				CLANG_WARN_DEPRECATED_OBJC_IMPLEMENTATIONS = YES;
				CLANG_WARN_DIRECT_OBJC_ISA_USAGE = YES_ERROR;
				CLANG_WARN_DOCUMENTATION_COMMENTS = YES;
				CLANG_WARN_EMPTY_BODY = YES;
				CLANG_WARN_ENUM_CONVERSION = YES;
				CLANG_WARN_INFINITE_RECURSION = YES;
				CLANG_WARN_INT_CONVERSION = YES;
				CLANG_WARN_NON_LITERAL_NULL_CONVERSION = YES;
				CLANG_WARN_OBJC_IMPLICIT_RETAIN_SELF = YES;
				CLANG_WARN_OBJC_LITERAL_CONVERSION = YES;
				CLANG_WARN_OBJC_ROOT_CLASS = YES_ERROR;
				CLANG_WARN_QUOTED_INCLUDE_IN_FRAMEWORK_HEADER = YES;
				CLANG_WARN_RANGE_LOOP_ANALYSIS = YES;
				CLANG_WARN_STRICT_PROTOTYPES = YES;
				CLANG_WARN_SUSPICIOUS_MOVE = YES;
				CLANG_WARN_UNGUARDED_AVAILABILITY = YES_AGGRESSIVE;
				CLANG_WARN_UNREACHABLE_CODE = YES;
				CLANG_WARN__DUPLICATE_METHOD_MATCH = YES;
				COPY_PHASE_STRIP = NO;
				DEBUG_INFORMATION_FORMAT = "dwarf-with-dsym";
				ENABLE_NS_ASSERTIONS = NO;
				ENABLE_STRICT_OBJC_MSGSEND = YES;
				GCC_C_LANGUAGE_STANDARD = gnu11;
				GCC_NO_COMMON_BLOCKS = YES;
				GCC_WARN_64_TO_32_BIT_CONVERSION = YES;
				GCC_WARN_ABOUT_RETURN_TYPE = YES_ERROR;
				GCC_WARN_UNDECLARED_SELECTOR = YES;
				GCC_WARN_UNINITIALIZED_AUTOS = YES_AGGRESSIVE;
				GCC_WARN_UNUSED_FUNCTION = YES;
				GCC_WARN_UNUSED_VARIABLE = YES;
				IPHONEOS_DEPLOYMENT_TARGET = 16.4;
				MTL_ENABLE_DEBUG_INFO = NO;
				MTL_FAST_MATH = YES;
				SDKROOT = iphoneos;
				SWIFT_COMPILATION_MODE = wholemodule;
				SWIFT_OPTIMIZATION_LEVEL = "-O";
				VALIDATE_PRODUCT = YES;
			};
			name = Release;
		};
		E9DC2CE52ADF3CF1009128D6 /* Debug */ = {
			isa = XCBuildConfiguration;
			buildSettings = {
				ASSETCATALOG_COMPILER_APPICON_NAME = AppIcon;
				ASSETCATALOG_COMPILER_GLOBAL_ACCENT_COLOR_NAME = AccentColor;
				CODE_SIGN_STYLE = Automatic;
				CURRENT_PROJECT_VERSION = 1;
				DEVELOPMENT_ASSET_PATHS = "\"DartsGame/Preview Content\"";
				DEVELOPMENT_TEAM = 5S88AY6J4R;
				ENABLE_PREVIEWS = YES;
				GENERATE_INFOPLIST_FILE = YES;
				INFOPLIST_FILE = DartsGame/Info.plist;
				INFOPLIST_KEY_CFBundleDisplayName = "Retro Darts";
				INFOPLIST_KEY_NSCameraUsageDescription = "Needed to use AR Tecnology.";
				INFOPLIST_KEY_UIApplicationSceneManifest_Generation = YES;
				INFOPLIST_KEY_UIApplicationSupportsIndirectInputEvents = YES;
				INFOPLIST_KEY_UILaunchScreen_Generation = YES;
				INFOPLIST_KEY_UISupportedInterfaceOrientations = UIInterfaceOrientationPortrait;
				INFOPLIST_KEY_UISupportedInterfaceOrientations_iPad = "UIInterfaceOrientationLandscapeLeft UIInterfaceOrientationLandscapeRight UIInterfaceOrientationPortrait UIInterfaceOrientationPortraitUpsideDown";
				LD_RUNPATH_SEARCH_PATHS = (
					"$(inherited)",
					"@executable_path/Frameworks",
				);
				MARKETING_VERSION = 1.0;
				PRODUCT_BUNDLE_IDENTIFIER = br.ufpe.cin.academy.tmc4.DartsGame;
				PRODUCT_NAME = "$(TARGET_NAME)";
				SUPPORTED_PLATFORMS = "iphoneos iphonesimulator";
				SUPPORTS_MACCATALYST = NO;
				SUPPORTS_MAC_DESIGNED_FOR_IPHONE_IPAD = NO;
				SWIFT_EMIT_LOC_STRINGS = YES;
				SWIFT_VERSION = 5.0;
				TARGETED_DEVICE_FAMILY = 1;
			};
			name = Debug;
		};
		E9DC2CE62ADF3CF1009128D6 /* Release */ = {
			isa = XCBuildConfiguration;
			buildSettings = {
				ASSETCATALOG_COMPILER_APPICON_NAME = AppIcon;
				ASSETCATALOG_COMPILER_GLOBAL_ACCENT_COLOR_NAME = AccentColor;
				CODE_SIGN_STYLE = Automatic;
				CURRENT_PROJECT_VERSION = 1;
				DEVELOPMENT_ASSET_PATHS = "\"DartsGame/Preview Content\"";
				DEVELOPMENT_TEAM = 5S88AY6J4R;
				ENABLE_PREVIEWS = YES;
				GENERATE_INFOPLIST_FILE = YES;
				INFOPLIST_FILE = DartsGame/Info.plist;
				INFOPLIST_KEY_CFBundleDisplayName = "Retro Darts";
				INFOPLIST_KEY_NSCameraUsageDescription = "Needed to use AR Tecnology.";
				INFOPLIST_KEY_UIApplicationSceneManifest_Generation = YES;
				INFOPLIST_KEY_UIApplicationSupportsIndirectInputEvents = YES;
				INFOPLIST_KEY_UILaunchScreen_Generation = YES;
				INFOPLIST_KEY_UISupportedInterfaceOrientations = UIInterfaceOrientationPortrait;
				INFOPLIST_KEY_UISupportedInterfaceOrientations_iPad = "UIInterfaceOrientationLandscapeLeft UIInterfaceOrientationLandscapeRight UIInterfaceOrientationPortrait UIInterfaceOrientationPortraitUpsideDown";
				LD_RUNPATH_SEARCH_PATHS = (
					"$(inherited)",
					"@executable_path/Frameworks",
				);
				MARKETING_VERSION = 1.0;
				PRODUCT_BUNDLE_IDENTIFIER = br.ufpe.cin.academy.tmc4.DartsGame;
				PRODUCT_NAME = "$(TARGET_NAME)";
				SUPPORTED_PLATFORMS = "iphoneos iphonesimulator";
				SUPPORTS_MACCATALYST = NO;
				SUPPORTS_MAC_DESIGNED_FOR_IPHONE_IPAD = NO;
				SWIFT_EMIT_LOC_STRINGS = YES;
				SWIFT_VERSION = 5.0;
				TARGETED_DEVICE_FAMILY = 1;
			};
			name = Release;
		};
/* End XCBuildConfiguration section */

/* Begin XCConfigurationList section */
		E9DC2CD12ADF3CEF009128D6 /* Build configuration list for PBXProject "DartsGame" */ = {
			isa = XCConfigurationList;
			buildConfigurations = (
				E9DC2CE22ADF3CF1009128D6 /* Debug */,
				E9DC2CE32ADF3CF1009128D6 /* Release */,
			);
			defaultConfigurationIsVisible = 0;
			defaultConfigurationName = Release;
		};
		E9DC2CE42ADF3CF1009128D6 /* Build configuration list for PBXNativeTarget "DartsGame" */ = {
			isa = XCConfigurationList;
			buildConfigurations = (
				E9DC2CE52ADF3CF1009128D6 /* Debug */,
				E9DC2CE62ADF3CF1009128D6 /* Release */,
			);
			defaultConfigurationIsVisible = 0;
			defaultConfigurationName = Release;
		};
/* End XCConfigurationList section */
	};
	rootObject = E9DC2CCE2ADF3CEF009128D6 /* Project object */;
}
